
Microsoft Visual Studio Solution File, Format Version 12.00
# Visual Studio Version 16
VisualStudioVersion = 16.0.31424.327
MinimumVisualStudioVersion = 10.0.40219.1
Project("{8BC9CEB8-8B4A-11D0-8D11-00A0C91BC942}") = "ConsoleApplication2", "ConsoleApplication2\ConsoleApplication2.vcxproj", "{2EEF9B7D-D223-4570-AFCA-B7B20AEB2AFA}"
EndProject
Project("{FAE04EC0-301F-11D3-BF4B-00C04F79EFBC}") = "ConsoleApp1", "ConsoleApp1\ConsoleApp1.csproj", "{95142DB8-1CED-4B64-BC07-4BA98FC00930}"
EndProject
Global
	GlobalSection(SolutionConfigurationPlatforms) = preSolution
		Debug|Any CPU = Debug|Any CPU
		Debug|x64 = Debug|x64
		Debug|x86 = Debug|x86
		Release|Any CPU = Release|Any CPU
		Release|x64 = Release|x64
		Release|x86 = Release|x86
	EndGlobalSection
	GlobalSection(ProjectConfigurationPlatforms) = postSolution
		{2EEF9B7D-D223-4570-AFCA-B7B20AEB2AFA}.Debug|Any CPU.ActiveCfg = Debug|Win32
		{2EEF9B7D-D223-4570-AFCA-B7B20AEB2AFA}.Debug|x64.ActiveCfg = Debug|x64
		{2EEF9B7D-D223-4570-AFCA-B7B20AEB2AFA}.Debug|x64.Build.0 = Debug|x64
		{2EEF9B7D-D223-4570-AFCA-B7B20AEB2AFA}.Debug|x86.ActiveCfg = Debug|Win32
		{2EEF9B7D-D223-4570-AFCA-B7B20AEB2AFA}.Debug|x86.Build.0 = Debug|Win32
		{2EEF9B7D-D223-4570-AFCA-B7B20AEB2AFA}.Release|Any CPU.ActiveCfg = Release|Win32
		{2EEF9B7D-D223-4570-AFCA-B7B20AEB2AFA}.Release|x64.ActiveCfg = Release|x64
		{2EEF9B7D-D223-4570-AFCA-B7B20AEB2AFA}.Release|x64.Build.0 = Release|x64
		{2EEF9B7D-D223-4570-AFCA-B7B20AEB2AFA}.Release|x86.ActiveCfg = Release|Win32
		{2EEF9B7D-D223-4570-AFCA-B7B20AEB2AFA}.Release|x86.Build.0 = Release|Win32
		{95142DB8-1CED-4B64-BC07-4BA98FC00930}.Debug|Any CPU.ActiveCfg = Debug|Any CPU
		{95142DB8-1CED-4B64-BC07-4BA98FC00930}.Debug|Any CPU.Build.0 = Debug|Any CPU
		{95142DB8-1CED-4B64-BC07-4BA98FC00930}.Debug|x64.ActiveCfg = Debug|Any CPU
		{95142DB8-1CED-4B64-BC07-4BA98FC00930}.Debug|x64.Build.0 = Debug|Any CPU
		{95142DB8-1CED-4B64-BC07-4BA98FC00930}.Debug|x86.ActiveCfg = Debug|Any CPU
		{95142DB8-1CED-4B64-BC07-4BA98FC00930}.Debug|x86.Build.0 = Debug|Any CPU
		{95142DB8-1CED-4B64-BC07-4BA98FC00930}.Release|Any CPU.ActiveCfg = Release|Any CPU
		{95142DB8-1CED-4B64-BC07-4BA98FC00930}.Release|Any CPU.Build.0 = Release|Any CPU
		{95142DB8-1CED-4B64-BC07-4BA98FC00930}.Release|x64.ActiveCfg = Release|Any CPU
		{95142DB8-1CED-4B64-BC07-4BA98FC00930}.Release|x64.Build.0 = Release|Any CPU
		{95142DB8-1CED-4B64-BC07-4BA98FC00930}.Release|x86.ActiveCfg = Release|Any CPU
		{95142DB8-1CED-4B64-BC07-4BA98FC00930}.Release|x86.Build.0 = Release|Any CPU
	EndGlobalSection
	GlobalSection(SolutionProperties) = preSolution
		HideSolutionNode = FALSE
	EndGlobalSection
	GlobalSection(ExtensibilityGlobals) = postSolution
		SolutionGuid = {F36E63F2-28E0-431D-B93C-B6BB2787C7A1}
	EndGlobalSection
EndGlobal
